Microsoft Visual Studio Solution File, Format Version 11.00
# Visual Studio 2008

Project("{405E73A1-B904-74D0-87E7-489A3D8B5528}") = "AR-driving-assistant", "Assembly-CSharp.csproj", "{279A41FF-4CDE-F02A-AC30-74E1B32BBB9A}"
EndProject
Project("{405E73A1-B904-74D0-87E7-489A3D8B5528}") = "AR-driving-assistant", "Assembly-CSharp-Editor.csproj", "{D44D4B97-F5ED-8C87-A6D7-2C298554D3BD}"
EndProject
Global
	GlobalSection(SolutionConfigurationPlatforms) = preSolution
		Debug|Any CPU = Debug|Any CPU
		Release|Any CPU = Release|Any CPU
	EndGlobalSection
	GlobalSection(ProjectConfigurationPlatforms) = postSolution
		{279A41FF-4CDE-F02A-AC30-74E1B32BBB9A}.Debug|Any CPU.ActiveCfg = Debug|Any CPU
		{279A41FF-4CDE-F02A-AC30-74E1B32BBB9A}.Debug|Any CPU.Build.0 = Debug|Any CPU
		{279A41FF-4CDE-F02A-AC30-74E1B32BBB9A}.Release|Any CPU.ActiveCfg = Release|Any CPU
		{279A41FF-4CDE-F02A-AC30-74E1B32BBB9A}.Release|Any CPU.Build.0 = Release|Any CPU
		{D44D4B97-F5ED-8C87-A6D7-2C298554D3BD}.Debug|Any CPU.ActiveCfg = Debug|Any CPU
		{D44D4B97-F5ED-8C87-A6D7-2C298554D3BD}.Debug|Any CPU.Build.0 = Debug|Any CPU
		{D44D4B97-F5ED-8C87-A6D7-2C298554D3BD}.Release|Any CPU.ActiveCfg = Release|Any CPU
		{D44D4B97-F5ED-8C87-A6D7-2C298554D3BD}.Release|Any CPU.Build.0 = Release|Any CPU
	EndGlobalSection
	GlobalSection(SolutionProperties) = preSolution
		HideSolutionNode = FALSE
	EndGlobalSection
	GlobalSection(MonoDevelopProperties) = preSolution
		StartupItem = Assembly-CSharp.csproj
	EndGlobalSection
EndGlobal
